// !$*UTF8*$!
{
	archiveVersion = 1;
	classes = {
	};
	objectVersion = 56;
	objects = {

/* Begin PBXBuildFile section */
		AC588BA229A298720019EBC3 /* sakhaKeyboardAppApp.swift in Sources */ = {isa = PBXBuildFile; fileRef = AC588BA129A298720019EBC3 /* sakhaKeyboardAppApp.swift */; };
		AC588BA429A298720019EBC3 /* ContentView.swift in Sources */ = {isa = PBXBuildFile; fileRef = AC588BA329A298720019EBC3 /* ContentView.swift */; };
		AC588BA629A298740019EBC3 /* Assets.xcassets in Resources */ = {isa = PBXBuildFile; fileRef = AC588BA529A298740019EBC3 /* Assets.xcassets */; };
		AC588BA929A298740019EBC3 /* Preview Assets.xcassets in Resources */ = {isa = PBXBuildFile; fileRef = AC588BA829A298740019EBC3 /* Preview Assets.xcassets */; };
		AC588BB629A29C600019EBC3 /* KeyboardViewController.swift in Sources */ = {isa = PBXBuildFile; fileRef = AC588BB529A29C600019EBC3 /* KeyboardViewController.swift */; };
		AC588BBA29A29C600019EBC3 /* sakhaKeyboard.appex in Embed Foundation Extensions */ = {isa = PBXBuildFile; fileRef = AC588BB329A29C600019EBC3 /* sakhaKeyboard.appex */; settings = {ATTRIBUTES = (RemoveHeadersOnCopy, ); }; };
/* End PBXBuildFile section */

/* Begin PBXContainerItemProxy section */
		AC588BB829A29C600019EBC3 /* PBXContainerItemProxy */ = {
			isa = PBXContainerItemProxy;
			containerPortal = AC588B9629A298720019EBC3 /* Project object */;
			proxyType = 1;
			remoteGlobalIDString = AC588BB229A29C600019EBC3;
			remoteInfo = sakhaKeyboard;
		};
/* End PBXContainerItemProxy section */

/* Begin PBXCopyFilesBuildPhase section */
		AC588BBE29A29C600019EBC3 /* Embed Foundation Extensions */ = {
			isa = PBXCopyFilesBuildPhase;
			buildActionMask = 2147483647;
			dstPath = "";
			dstSubfolderSpec = 13;
			files = (
				AC588BBA29A29C600019EBC3 /* sakhaKeyboard.appex in Embed Foundation Extensions */,
			);
			name = "Embed Foundation Extensions";
			runOnlyForDeploymentPostprocessing = 0;
		};
/* End PBXCopyFilesBuildPhase section */

/* Begin PBXFileReference section */
		AC588B9E29A298720019EBC3 /* sakhaKeyboardApp.app */ = {isa = PBXFileReference; explicitFileType = wrapper.application; includeInIndex = 0; path = sakhaKeyboardApp.app; sourceTree = BUILT_PRODUCTS_DIR; };
		AC588BA129A298720019EBC3 /* sakhaKeyboardAppApp.swift */ = {isa = PBXFileReference; lastKnownFileType = sourcecode.swift; path = sakhaKeyboardAppApp.swift; sourceTree = "<group>"; };
		AC588BA329A298720019EBC3 /* ContentView.swift */ = {isa = PBXFileReference; lastKnownFileType = sourcecode.swift; path = ContentView.swift; sourceTree = "<group>"; };
		AC588BA529A298740019EBC3 /* Assets.xcassets */ = {isa = PBXFileReference; lastKnownFileType = folder.assetcatalog; path = Assets.xcassets; sourceTree = "<group>"; };
		AC588BA829A298740019EBC3 /* Preview Assets.xcassets */ = {isa = PBXFileReference; lastKnownFileType = folder.assetcatalog; path = "Preview Assets.xcassets"; sourceTree = "<group>"; };
		AC588BB329A29C600019EBC3 /* sakhaKeyboard.appex */ = {isa = PBXFileReference; explicitFileType = "wrapper.app-extension"; includeInIndex = 0; path = sakhaKeyboard.appex; sourceTree = BUILT_PRODUCTS_DIR; };
		AC588BB529A29C600019EBC3 /* KeyboardViewController.swift */ = {isa = PBXFileReference; lastKnownFileType = sourcecode.swift; path = KeyboardViewController.swift; sourceTree = "<group>"; };
		AC588BB729A29C600019EBC3 /* Info.plist */ = {isa = PBXFileReference; lastKnownFileType = text.plist.xml; path = Info.plist; sourceTree = "<group>"; };
/* End PBXFileReference section */

/* Begin PBXFrameworksBuildPhase section */
		AC588B9B29A298720019EBC3 /* Frameworks */ = {
			isa = PBXFrameworksBuildPhase;
			buildActionMask = 2147483647;
			files = (
			);
			runOnlyForDeploymentPostprocessing = 0;
		};
		AC588BB029A29C600019EBC3 /* Frameworks */ = {
			isa = PBXFrameworksBuildPhase;
			buildActionMask = 2147483647;
			files = (
			);
			runOnlyForDeploymentPostprocessing = 0;
		};
/* End PBXFrameworksBuildPhase section */

/* Begin PBXGroup section */
		AC588B9529A298720019EBC3 = {
			isa = PBXGroup;
			children = (
				AC588BA029A298720019EBC3 /* sakhaKeyboardApp */,
				AC588BB429A29C600019EBC3 /* sakhaKeyboard */,
				AC588B9F29A298720019EBC3 /* Products */,
			);
			sourceTree = "<group>";
		};
		AC588B9F29A298720019EBC3 /* Products */ = {
			isa = PBXGroup;
			children = (
				AC588B9E29A298720019EBC3 /* sakhaKeyboardApp.app */,
				AC588BB329A29C600019EBC3 /* sakhaKeyboard.appex */,
			);
			name = Products;
			sourceTree = "<group>";
		};
		AC588BA029A298720019EBC3 /* sakhaKeyboardApp */ = {
			isa = PBXGroup;
			children = (
				AC588BA129A298720019EBC3 /* sakhaKeyboardAppApp.swift */,
				AC588BA329A298720019EBC3 /* ContentView.swift */,
				AC588BA529A298740019EBC3 /* Assets.xcassets */,
				AC588BA729A298740019EBC3 /* Preview Content */,
			);
			path = sakhaKeyboardApp;
			sourceTree = "<group>";
		};
		AC588BA729A298740019EBC3 /* Preview Content */ = {
			isa = PBXGroup;
			children = (
				AC588BA829A298740019EBC3 /* Preview Assets.xcassets */,
			);
			path = "Preview Content";
			sourceTree = "<group>";
		};
		AC588BB429A29C600019EBC3 /* sakhaKeyboard */ = {
			isa = PBXGroup;
			children = (
				AC588BB529A29C600019EBC3 /* KeyboardViewController.swift */,
				AC588BB729A29C600019EBC3 /* Info.plist */,
			);
			path = sakhaKeyboard;
			sourceTree = "<group>";
		};
/* End PBXGroup section */

/* Begin PBXNativeTarget section */
		AC588B9D29A298720019EBC3 /* sakhaKeyboardApp */ = {
			isa = PBXNativeTarget;
			buildConfigurationList = AC588BAC29A298740019EBC3 /* Build configuration list for PBXNativeTarget "sakhaKeyboardApp" */;
			buildPhases = (
				AC588B9A29A298720019EBC3 /* Sources */,
				AC588B9B29A298720019EBC3 /* Frameworks */,
				AC588B9C29A298720019EBC3 /* Resources */,
				AC588BBE29A29C600019EBC3 /* Embed Foundation Extensions */,
			);
			buildRules = (
			);
			dependencies = (
				AC588BB929A29C600019EBC3 /* PBXTargetDependency */,
			);
			name = sakhaKeyboardApp;
			productName = sakhaKeyboardApp;
			productReference = AC588B9E29A298720019EBC3 /* sakhaKeyboardApp.app */;
			productType = "com.apple.product-type.application";
		};
		AC588BB229A29C600019EBC3 /* sakhaKeyboard */ = {
			isa = PBXNativeTarget;
			buildConfigurationList = AC588BBB29A29C600019EBC3 /* Build configuration list for PBXNativeTarget "sakhaKeyboard" */;
			buildPhases = (
				AC588BAF29A29C600019EBC3 /* Sources */,
				AC588BB029A29C600019EBC3 /* Frameworks */,
				AC588BB129A29C600019EBC3 /* Resources */,
			);
			buildRules = (
			);
			dependencies = (
			);
			name = sakhaKeyboard;
			productName = sakhaKeyboard;
			productReference = AC588BB329A29C600019EBC3 /* sakhaKeyboard.appex */;
			productType = "com.apple.product-type.app-extension";
		};
/* End PBXNativeTarget section */

/* Begin PBXProject section */
		AC588B9629A298720019EBC3 /* Project object */ = {
			isa = PBXProject;
			attributes = {
				BuildIndependentTargetsInParallel = 1;
				LastSwiftUpdateCheck = 1420;
				LastUpgradeCheck = 1420;
				TargetAttributes = {
					AC588B9D29A298720019EBC3 = {
						CreatedOnToolsVersion = 14.2;
					};
					AC588BB229A29C600019EBC3 = {
						CreatedOnToolsVersion = 14.2;
					};
				};
			};
			buildConfigurationList = AC588B9929A298720019EBC3 /* Build configuration list for PBXProject "sakhaKeyboardApp" */;
			compatibilityVersion = "Xcode 14.0";
			developmentRegion = en;
			hasScannedForEncodings = 0;
			knownRegions = (
				en,
				Base,
			);
			mainGroup = AC588B9529A298720019EBC3;
			productRefGroup = AC588B9F29A298720019EBC3 /* Products */;
			projectDirPath = "";
			projectRoot = "";
			targets = (
				AC588B9D29A298720019EBC3 /* sakhaKeyboardApp */,
				AC588BB229A29C600019EBC3 /* sakhaKeyboard */,
			);
		};
/* End PBXProject section */

/* Begin PBXResourcesBuildPhase section */
		AC588B9C29A298720019EBC3 /* Resources */ = {
			isa = PBXResourcesBuildPhase;
			buildActionMask = 2147483647;
			files = (
				AC588BA929A298740019EBC3 /* Preview Assets.xcassets in Resources */,
				AC588BA629A298740019EBC3 /* Assets.xcassets in Resources */,
			);
			runOnlyForDeploymentPostprocessing = 0;
		};
		AC588BB129A29C600019EBC3 /* Resources */ = {
			isa = PBXResourcesBuildPhase;
			buildActionMask = 2147483647;
			files = (
			);
			runOnlyForDeploymentPostprocessing = 0;
		};
/* End PBXResourcesBuildPhase section */

/* Begin PBXSourcesBuildPhase section */
		AC588B9A29A298720019EBC3 /* Sources */ = {
			isa = PBXSourcesBuildPhase;
			buildActionMask = 2147483647;
			files = (
				AC588BA429A298720019EBC3 /* ContentView.swift in Sources */,
				AC588BA229A298720019EBC3 /* sakhaKeyboardAppApp.swift in Sources */,
			);
			runOnlyForDeploymentPostprocessing = 0;
		};
		AC588BAF29A29C600019EBC3 /* Sources */ = {
			isa = PBXSourcesBuildPhase;
			buildActionMask = 2147483647;
			files = (
				AC588BB629A29C600019EBC3 /* KeyboardViewController.swift in Sources */,
			);
			runOnlyForDeploymentPostprocessing = 0;
		};
/* End PBXSourcesBuildPhase section */

/* Begin PBXTargetDependency section */
		AC588BB929A29C600019EBC3 /* PBXTargetDependency */ = {
			isa = PBXTargetDependency;
			target = AC588BB229A29C600019EBC3 /* sakhaKeyboard */;
			targetProxy = AC588BB829A29C600019EBC3 /* PBXContainerItemProxy */;
		};
/* End PBXTargetDependency section */

/* Begin XCBuildConfiguration section */
		AC588BAA29A298740019EBC3 /* Debug */ = {
			isa = XCBuildConfiguration;
			buildSettings = {
				ALWAYS_SEARCH_USER_PATHS = NO;
				CLANG_ANALYZER_NONNULL = YES;
				CLANG_ANALYZER_NUMBER_OBJECT_CONVERSION = YES_AGGRESSIVE;
				CLANG_CXX_LANGUAGE_STANDARD = "gnu++20";
				CLANG_ENABLE_MODULES = YES;
				CLANG_ENABLE_OBJC_ARC = YES;
				CLANG_ENABLE_OBJC_WEAK = YES;
				CLANG_WARN_BLOCK_CAPTURE_AUTORELEASING = YES;
				CLANG_WARN_BOOL_CONVERSION = YES;
				CLANG_WARN_COMMA = YES;
				CLANG_WARN_CONSTANT_CONVERSION = YES;
				CLANG_WARN_DEPRECATED_OBJC_IMPLEMENTATIONS = YES;
				CLANG_WARN_DIRECT_OBJC_ISA_USAGE = YES_ERROR;
				CLANG_WARN_DOCUMENTATION_COMMENTS = YES;
				CLANG_WARN_EMPTY_BODY = YES;
				CLANG_WARN_ENUM_CONVERSION = YES;
				CLANG_WARN_INFINITE_RECURSION = YES;
				CLANG_WARN_INT_CONVERSION = YES;
				CLANG_WARN_NON_LITERAL_NULL_CONVERSION = YES;
				CLANG_WARN_OBJC_IMPLICIT_RETAIN_SELF = YES;
				CLANG_WARN_OBJC_LITERAL_CONVERSION = YES;
				CLANG_WARN_OBJC_ROOT_CLASS = YES_ERROR;
				CLANG_WARN_QUOTED_INCLUDE_IN_FRAMEWORK_HEADER = YES;
				CLANG_WARN_RANGE_LOOP_ANALYSIS = YES;
				CLANG_WARN_STRICT_PROTOTYPES = YES;
				CLANG_WARN_SUSPICIOUS_MOVE = YES;
				CLANG_WARN_UNGUARDED_AVAILABILITY = YES_AGGRESSIVE;
				CLANG_WARN_UNREACHABLE_CODE = YES;
				CLANG_WARN__DUPLICATE_METHOD_MATCH = YES;
				COPY_PHASE_STRIP = NO;
				DEBUG_INFORMATION_FORMAT = dwarf;
				ENABLE_STRICT_OBJC_MSGSEND = YES;
				ENABLE_TESTABILITY = YES;
				GCC_C_LANGUAGE_STANDARD = gnu11;
				GCC_DYNAMIC_NO_PIC = NO;
				GCC_NO_COMMON_BLOCKS = YES;
				GCC_OPTIMIZATION_LEVEL = 0;
				GCC_PREPROCESSOR_DEFINITIONS = (
					"DEBUG=1",
					"$(inherited)",
				);
				GCC_WARN_64_TO_32_BIT_CONVERSION = YES;
				GCC_WARN_ABOUT_RETURN_TYPE = YES_ERROR;
				GCC_WARN_UNDECLARED_SELECTOR = YES;
				GCC_WARN_UNINITIALIZED_AUTOS = YES_AGGRESSIVE;
				GCC_WARN_UNUSED_FUNCTION = YES;
				GCC_WARN_UNUSED_VARIABLE = YES;
				IPHONEOS_DEPLOYMENT_TARGET = 16.2;
				MTL_ENABLE_DEBUG_INFO = INCLUDE_SOURCE;
				MTL_FAST_MATH = YES;
				ONLY_ACTIVE_ARCH = YES;
				SDKROOT = iphoneos;
				SWIFT_ACTIVE_COMPILATION_CONDITIONS = DEBUG;
				SWIFT_OPTIMIZATION_LEVEL = "-Onone";
			};
			name = Debug;
		};
		AC588BAB29A298740019EBC3 /* Release */ = {
			isa = XCBuildConfiguration;
			buildSettings = {
				ALWAYS_SEARCH_USER_PATHS = NO;
				CLANG_ANALYZER_NONNULL = YES;
				CLANG_ANALYZER_NUMBER_OBJECT_CONVERSION = YES_AGGRESSIVE;
				CLANG_CXX_LANGUAGE_STANDARD = "gnu++20";
				CLANG_ENABLE_MODULES = YES;
				CLANG_ENABLE_OBJC_ARC = YES;
				CLANG_ENABLE_OBJC_WEAK = YES;
				CLANG_WARN_BLOCK_CAPTURE_AUTORELEASING = YES;
				CLANG_WARN_BOOL_CONVERSION = YES;
				CLANG_WARN_COMMA = YES;
				CLANG_WARN_CONSTANT_CONVERSION = YES;
				CLANG_WARN_DEPRECATED_OBJC_IMPLEMENTATIONS = YES;
				CLANG_WARN_DIRECT_OBJC_ISA_USAGE = YES_ERROR;
				CLANG_WARN_DOCUMENTATION_COMMENTS = YES;
				CLANG_WARN_EMPTY_BODY = YES;
				CLANG_WARN_ENUM_CONVERSION = YES;
				CLANG_WARN_INFINITE_RECURSION = YES;
				CLANG_WARN_INT_CONVERSION = YES;
				CLANG_WARN_NON_LITERAL_NULL_CONVERSION = YES;
				CLANG_WARN_OBJC_IMPLICIT_RETAIN_SELF = YES;
				CLANG_WARN_OBJC_LITERAL_CONVERSION = YES;
				CLANG_WARN_OBJC_ROOT_CLASS = YES_ERROR;
				CLANG_WARN_QUOTED_INCLUDE_IN_FRAMEWORK_HEADER = YES;
				CLANG_WARN_RANGE_LOOP_ANALYSIS = YES;
				CLANG_WARN_STRICT_PROTOTYPES = YES;
				CLANG_WARN_SUSPICIOUS_MOVE = YES;
				CLANG_WARN_UNGUARDED_AVAILABILITY = YES_AGGRESSIVE;
				CLANG_WARN_UNREACHABLE_CODE = YES;
				CLANG_WARN__DUPLICATE_METHOD_MATCH = YES;
				COPY_PHASE_STRIP = NO;
				DEBUG_INFORMATION_FORMAT = "dwarf-with-dsym";
				ENABLE_NS_ASSERTIONS = NO;
				ENABLE_STRICT_OBJC_MSGSEND = YES;
				GCC_C_LANGUAGE_STANDARD = gnu11;
				GCC_NO_COMMON_BLOCKS = YES;
				GCC_WARN_64_TO_32_BIT_CONVERSION = YES;
				GCC_WARN_ABOUT_RETURN_TYPE = YES_ERROR;
				GCC_WARN_UNDECLARED_SELECTOR = YES;
				GCC_WARN_UNINITIALIZED_AUTOS = YES_AGGRESSIVE;
				GCC_WARN_UNUSED_FUNCTION = YES;
				GCC_WARN_UNUSED_VARIABLE = YES;
				IPHONEOS_DEPLOYMENT_TARGET = 16.2;
				MTL_ENABLE_DEBUG_INFO = NO;
				MTL_FAST_MATH = YES;
				SDKROOT = iphoneos;
				SWIFT_COMPILATION_MODE = wholemodule;
				SWIFT_OPTIMIZATION_LEVEL = "-O";
				VALIDATE_PRODUCT = YES;
			};
			name = Release;
		};
		AC588BAD29A298740019EBC3 /* Debug */ = {
			isa = XCBuildConfiguration;
			buildSettings = {
				ALWAYS_EMBED_SWIFT_STANDARD_LIBRARIES = YES;
				ASSETCATALOG_COMPILER_APPICON_NAME = AppIcon;
				ASSETCATALOG_COMPILER_GLOBAL_ACCENT_COLOR_NAME = AccentColor;
				CODE_SIGN_STYLE = Automatic;
				CURRENT_PROJECT_VERSION = 1;
				DEVELOPMENT_ASSET_PATHS = "\"sakhaKeyboardApp/Preview Content\"";
				ENABLE_PREVIEWS = YES;
				GENERATE_INFOPLIST_FILE = YES;
				INFOPLIST_KEY_UIApplicationSceneManifest_Generation = YES;
				INFOPLIST_KEY_UIApplicationSupportsIndirectInputEvents = YES;
				INFOPLIST_KEY_UILaunchScreen_Generation = YES;
				INFOPLIST_KEY_UISupportedInterfaceOrientations = UIInterfaceOrientationPortrait;
				INFOPLIST_KEY_UISupportedInterfaceOrientations_iPad = "UIInterfaceOrientationLandscapeLeft UIInterfaceOrientationLandscapeRight UIInterfaceOrientationPortrait UIInterfaceOrientationPortraitUpsideDown";
				IPHONEOS_DEPLOYMENT_TARGET = 15.0;
				LD_RUNPATH_SEARCH_PATHS = (
					"$(inherited)",
					"@executable_path/Frameworks",
				);
				MARKETING_VERSION = 1.0;
				PRODUCT_BUNDLE_IDENTIFIER = com.dobrets.sakhaKeyboardApp;
				PRODUCT_NAME = "$(TARGET_NAME)";
				SUPPORTED_PLATFORMS = "iphoneos iphonesimulator";
				SUPPORTS_MACCATALYST = NO;
				SUPPORTS_MAC_DESIGNED_FOR_IPHONE_IPAD = NO;
				SWIFT_EMIT_LOC_STRINGS = YES;
				SWIFT_VERSION = 5.0;
				TARGETED_DEVICE_FAMILY = 1;
			};
			name = Debug;
		};
		AC588BAE29A298740019EBC3 /* Release */ = {
			isa = XCBuildConfiguration;
			buildSettings = {
				ALWAYS_EMBED_SWIFT_STANDARD_LIBRARIES = YES;
				ASSETCATALOG_COMPILER_APPICON_NAME = AppIcon;
				ASSETCATALOG_COMPILER_GLOBAL_ACCENT_COLOR_NAME = AccentColor;
				CODE_SIGN_STYLE = Automatic;
				CURRENT_PROJECT_VERSION = 1;
				DEVELOPMENT_ASSET_PATHS = "\"sakhaKeyboardApp/Preview Content\"";
				ENABLE_PREVIEWS = YES;
				GENERATE_INFOPLIST_FILE = YES;
				INFOPLIST_KEY_UIApplicationSceneManifest_Generation = YES;
				INFOPLIST_KEY_UIApplicationSupportsIndirectInputEvents = YES;
				INFOPLIST_KEY_UILaunchScreen_Generation = YES;
				INFOPLIST_KEY_UISupportedInterfaceOrientations = UIInterfaceOrientationPortrait;
				INFOPLIST_KEY_UISupportedInterfaceOrientations_iPad = "UIInterfaceOrientationLandscapeLeft UIInterfaceOrientationLandscapeRight UIInterfaceOrientationPortrait UIInterfaceOrientationPortraitUpsideDown";
				IPHONEOS_DEPLOYMENT_TARGET = 15.0;
				LD_RUNPATH_SEARCH_PATHS = (
					"$(inherited)",
					"@executable_path/Frameworks",
				);
				MARKETING_VERSION = 1.0;
				PRODUCT_BUNDLE_IDENTIFIER = com.dobrets.sakhaKeyboardApp;
				PRODUCT_NAME = "$(TARGET_NAME)";
				SUPPORTED_PLATFORMS = "iphoneos iphonesimulator";
				SUPPORTS_MACCATALYST = NO;
				SUPPORTS_MAC_DESIGNED_FOR_IPHONE_IPAD = NO;
				SWIFT_EMIT_LOC_STRINGS = YES;
				SWIFT_VERSION = 5.0;
				TARGETED_DEVICE_FAMILY = 1;
			};
			name = Release;
		};
		AC588BBC29A29C600019EBC3 /* Debug */ = {
			isa = XCBuildConfiguration;
			buildSettings = {
				CODE_SIGN_STYLE = Automatic;
				CURRENT_PROJECT_VERSION = 1;
				GENERATE_INFOPLIST_FILE = YES;
				INFOPLIST_FILE = sakhaKeyboard/Info.plist;
				INFOPLIST_KEY_CFBundleDisplayName = sakhaKeyboard;
				INFOPLIST_KEY_NSHumanReadableCopyright = "";
				IPHONEOS_DEPLOYMENT_TARGET = 15.0;
				LD_RUNPATH_SEARCH_PATHS = (
					"$(inherited)",
					"@executable_path/Frameworks",
					"@executable_path/../../Frameworks",
				);
				MARKETING_VERSION = 1.0;
				PRODUCT_BUNDLE_IDENTIFIER = com.dobrets.sakhaKeyboardApp.sakhaKeyboard;
				PRODUCT_NAME = "$(TARGET_NAME)";
				SKIP_INSTALL = YES;
				SWIFT_EMIT_LOC_STRINGS = YES;
				SWIFT_VERSION = 5.0;
				TARGETED_DEVICE_FAMILY = 1;
			};
			name = Debug;
		};
		AC588BBD29A29C600019EBC3 /* Release */ = {
			isa = XCBuildConfiguration;
			buildSettings = {
				CODE_SIGN_STYLE = Automatic;
				CURRENT_PROJECT_VERSION = 1;
				GENERATE_INFOPLIST_FILE = YES;
				INFOPLIST_FILE = sakhaKeyboard/Info.plist;
				INFOPLIST_KEY_CFBundleDisplayName = sakhaKeyboard;
				INFOPLIST_KEY_NSHumanReadableCopyright = "";
				IPHONEOS_DEPLOYMENT_TARGET = 15.0;
				LD_RUNPATH_SEARCH_PATHS = (
					"$(inherited)",
					"@executable_path/Frameworks",
					"@executable_path/../../Frameworks",
				);
				MARKETING_VERSION = 1.0;
				PRODUCT_BUNDLE_IDENTIFIER = com.dobrets.sakhaKeyboardApp.sakhaKeyboard;
				PRODUCT_NAME = "$(TARGET_NAME)";
				SKIP_INSTALL = YES;
				SWIFT_EMIT_LOC_STRINGS = YES;
				SWIFT_VERSION = 5.0;
				TARGETED_DEVICE_FAMILY = 1;
			};
			name = Release;
		};
/* End XCBuildConfiguration section */

/* Begin XCConfigurationList section */
		AC588B9929A298720019EBC3 /* Build configuration list for PBXProject "sakhaKeyboardApp" */ = {
			isa = XCConfigurationList;
			buildConfigurations = (
				AC588BAA29A298740019EBC3 /* Debug */,
				AC588BAB29A298740019EBC3 /* Release */,
			);
			defaultConfigurationIsVisible = 0;
			defaultConfigurationName = Release;
		};
		AC588BAC29A298740019EBC3 /* Build configuration list for PBXNativeTarget "sakhaKeyboardApp" */ = {
			isa = XCConfigurationList;
			buildConfigurations = (
				AC588BAD29A298740019EBC3 /* Debug */,
				AC588BAE29A298740019EBC3 /* Release */,
			);
			defaultConfigurationIsVisible = 0;
			defaultConfigurationName = Release;
		};
		AC588BBB29A29C600019EBC3 /* Build configuration list for PBXNativeTarget "sakhaKeyboard" */ = {
			isa = XCConfigurationList;
			buildConfigurations = (
				AC588BBC29A29C600019EBC3 /* Debug */,
				AC588BBD29A29C600019EBC3 /* Release */,
			);
			defaultConfigurationIsVisible = 0;
			defaultConfigurationName = Release;
		};
/* End XCConfigurationList section */
	};
	rootObject = AC588B9629A298720019EBC3 /* Project object */;
}
